
Microsoft Visual Studio Solution File, Format Version 12.00
# Visual Studio 15
VisualStudioVersion = 15.0.27004.2009
MinimumVisualStudioVersion = 10.0.40219.1
Project("{FAE04EC0-301F-11D3-BF4B-00C04F79EFBC}") = "GeospatialAPI", "GeospatialAPI\GeospatialAPI.csproj", "{7590D56A-1DEA-4A0B-8504-B47768040323}"
EndProject
Project("{2150E333-8FDC-42A3-9474-1A3956D46DE8}") = "Solution Items", "Solution Items", "{164568DB-6EA5-4FC5-B292-F4C5C3CCE415}"
	ProjectSection(SolutionItems) = preProject
		GISClient.html = GISClient.html
		README.md = README.md
	EndProjectSection
EndProject
Global
	GlobalSection(SolutionConfigurationPlatforms) = preSolution
		Debug|Any CPU = Debug|Any CPU
		Release|Any CPU = Release|Any CPU
	EndGlobalSection
	GlobalSection(ProjectConfigurationPlatforms) = postSolution
		{7590D56A-1DEA-4A0B-8504-B47768040323}.Debug|Any CPU.ActiveCfg = Debug|Any CPU
		{7590D56A-1DEA-4A0B-8504-B47768040323}.Debug|Any CPU.Build.0 = Debug|Any CPU
		{7590D56A-1DEA-4A0B-8504-B47768040323}.Release|Any CPU.ActiveCfg = Release|Any CPU
		{7590D56A-1DEA-4A0B-8504-B47768040323}.Release|Any CPU.Build.0 = Release|Any CPU
	EndGlobalSection
	GlobalSection(SolutionProperties) = preSolution
		HideSolutionNode = FALSE
	EndGlobalSection
	GlobalSection(ExtensibilityGlobals) = postSolution
		SolutionGuid = {F6544880-A4C8-4EFB-813E-FF86B3BBA212}
	EndGlobalSection
EndGlobal
